
Microsoft Visual Studio Solution File, Format Version 12.00
# Visual Studio Version 16
VisualStudioVersion = 25.0.1700.0
MinimumVisualStudioVersion = 10.0.40219.1
Project("{FAE04EC0-301F-11D3-BF4B-00C04F79EFBC}") = "LocalEmployeesAPI", "LocalEmployeesAPI\LocalEmployeesAPI.csproj", "{5B1E52FF-71BF-45A8-8BCB-94041F5B05EB}"
EndProject
Global
	GlobalSection(SolutionConfigurationPlatforms) = preSolution
		Debug|Any CPU = Debug|Any CPU
		Release|Any CPU = Release|Any CPU
	EndGlobalSection
	GlobalSection(ProjectConfigurationPlatforms) = postSolution
		{5B1E52FF-71BF-45A8-8BCB-94041F5B05EB}.Debug|Any CPU.ActiveCfg = Debug|Any CPU
		{5B1E52FF-71BF-45A8-8BCB-94041F5B05EB}.Debug|Any CPU.Build.0 = Debug|Any CPU
		{5B1E52FF-71BF-45A8-8BCB-94041F5B05EB}.Release|Any CPU.ActiveCfg = Release|Any CPU
		{5B1E52FF-71BF-45A8-8BCB-94041F5B05EB}.Release|Any CPU.Build.0 = Release|Any CPU
	EndGlobalSection
	GlobalSection(SolutionProperties) = preSolution
		HideSolutionNode = FALSE
	EndGlobalSection
	GlobalSection(ExtensibilityGlobals) = postSolution
		SolutionGuid = {5621CA75-52B8-4262-A046-096330E4AE05}
	EndGlobalSection
EndGlobal
